
Microsoft Visual Studio Solution File, Format Version 12.00
# Visual Studio Version 16
VisualStudioVersion = 16.0.29806.167
MinimumVisualStudioVersion = 10.0.40219.1
Project("{9A19103F-16F7-4668-BE54-9A1E7A4F7556}") = "ChallengesTest", "ChallengesTest\ChallengesTest.csproj", "{EF44F691-1A2E-497E-BBB9-8FA2B416BC2C}"
EndProject
Project("{FAE04EC0-301F-11D3-BF4B-00C04F79EFBC}") = "Challenges", "Challenges\Challenges.csproj", "{B3D5C3AE-2522-49FF-A31B-1FF736F03441}"
EndProject
Global
	GlobalSection(SolutionConfigurationPlatforms) = preSolution
		Debug|Any CPU = Debug|Any CPU
		Release|Any CPU = Release|Any CPU
	EndGlobalSection
	GlobalSection(ProjectConfigurationPlatforms) = postSolution
		{EF44F691-1A2E-497E-BBB9-8FA2B416BC2C}.Debug|Any CPU.ActiveCfg = Debug|Any CPU
		{EF44F691-1A2E-497E-BBB9-8FA2B416BC2C}.Debug|Any CPU.Build.0 = Debug|Any CPU
		{EF44F691-1A2E-497E-BBB9-8FA2B416BC2C}.Release|Any CPU.ActiveCfg = Release|Any CPU
		{EF44F691-1A2E-497E-BBB9-8FA2B416BC2C}.Release|Any CPU.Build.0 = Release|Any CPU
		{B3D5C3AE-2522-49FF-A31B-1FF736F03441}.Debug|Any CPU.ActiveCfg = Debug|Any CPU
		{B3D5C3AE-2522-49FF-A31B-1FF736F03441}.Debug|Any CPU.Build.0 = Debug|Any CPU
		{B3D5C3AE-2522-49FF-A31B-1FF736F03441}.Release|Any CPU.ActiveCfg = Release|Any CPU
		{B3D5C3AE-2522-49FF-A31B-1FF736F03441}.Release|Any CPU.Build.0 = Release|Any CPU
	EndGlobalSection
	GlobalSection(SolutionProperties) = preSolution
		HideSolutionNode = FALSE
	EndGlobalSection
	GlobalSection(ExtensibilityGlobals) = postSolution
		SolutionGuid = {1729285A-AA59-4BD7-9056-C28C06D79A8F}
	EndGlobalSection
EndGlobal
