
Microsoft Visual Studio Solution File, Format Version 12.00
# Visual Studio Version 16
VisualStudioVersion = 16.0.29806.167
MinimumVisualStudioVersion = 10.0.40219.1
Project("{FAE04EC0-301F-11D3-BF4B-00C04F79EFBC}") = "DataStructuresAndAlgorithms", "DataStructuresAndAlgorithms\DataStructuresAndAlgorithms.csproj", "{63F0C2B9-0A7C-4077-BF8A-A071A13E7EB5}"
EndProject
Project("{FAE04EC0-301F-11D3-BF4B-00C04F79EFBC}") = "DataStructuresAndAlgorithmsTest", "DataStructuresAndAlgorithmsTest\DataStructuresAndAlgorithmsTest.csproj", "{62FF9B5F-1F7D-40A0-930B-C29CAE82DAC8}"
EndProject
Global
	GlobalSection(SolutionConfigurationPlatforms) = preSolution
		Debug|Any CPU = Debug|Any CPU
		Release|Any CPU = Release|Any CPU
	EndGlobalSection
	GlobalSection(ProjectConfigurationPlatforms) = postSolution
		{63F0C2B9-0A7C-4077-BF8A-A071A13E7EB5}.Debug|Any CPU.ActiveCfg = Debug|Any CPU
		{63F0C2B9-0A7C-4077-BF8A-A071A13E7EB5}.Debug|Any CPU.Build.0 = Debug|Any CPU
		{63F0C2B9-0A7C-4077-BF8A-A071A13E7EB5}.Release|Any CPU.ActiveCfg = Release|Any CPU
		{63F0C2B9-0A7C-4077-BF8A-A071A13E7EB5}.Release|Any CPU.Build.0 = Release|Any CPU
		{62FF9B5F-1F7D-40A0-930B-C29CAE82DAC8}.Debug|Any CPU.ActiveCfg = Debug|Any CPU
		{62FF9B5F-1F7D-40A0-930B-C29CAE82DAC8}.Debug|Any CPU.Build.0 = Debug|Any CPU
		{62FF9B5F-1F7D-40A0-930B-C29CAE82DAC8}.Release|Any CPU.ActiveCfg = Release|Any CPU
		{62FF9B5F-1F7D-40A0-930B-C29CAE82DAC8}.Release|Any CPU.Build.0 = Release|Any CPU
	EndGlobalSection
	GlobalSection(SolutionProperties) = preSolution
		HideSolutionNode = FALSE
	EndGlobalSection
	GlobalSection(ExtensibilityGlobals) = postSolution
		SolutionGuid = {83A8AB17-3324-491B-AF26-B7FC0AE94839}
	EndGlobalSection
EndGlobal
